{
  "requires": true,
  "lockfileVersion": 1,
  "dependencies": {
    "@sourcegraph/prettierrc": {
      "version": "3.0.3",
      "resolved": "https://registry.npmjs.org/@sourcegraph/prettierrc/-/prettierrc-3.0.3.tgz",
      "integrity": "sha512-FQ1/Ued4I02R0JkrHHofDN163juVxUnPALzfxPZrDZUHv+c3jHjfZhmTHEz+Wd+g3b7MFk0fkj36nZSnvPyU8A==",
      "dev": true
    },
    "prettier": {
      "version": "3.8.4",
      "resolved": "https://registry.npmjs.org/prettier/-/prettier-3.8.4.tgz",
      "integrity": "sha512-N2MylSdi48+5N/6S5j+maeHbUSIzzZ5uOcX5Hm4QpV8Dkb1HFjfAKTKX6yNPJQD9AhcT3ifHNB66tWTTJDi11Q==",
      "dev": true
    }
  }
}
