{
  "requires": true,
  "lockfileVersion": 1,
  "dependencies": {
    "@sourcegraph/prettierrc": {
      "version": "3.0.3",
      "resolved": "https://registry.npmjs.org/@sourcegraph/prettierrc/-/prettierrc-3.0.3.tgz",
      "integrity": "sha512-FQ1/Ued4I02R0JkrHHofDN163juVxUnPALzfxPZrDZUHv+c3jHjfZhmTHEz+Wd+g3b7MFk0fkj36nZSnvPyU8A==",
      "dev": true
    },
    "prettier": {
      "version": "1.18.2",
      "resolved": "https://registry.npmjs.org/prettier/-/prettier-1.18.2.tgz",
      "integrity": "sha512-OeHeMc0JhFE9idD4ZdtNibzY0+TPHSpSSb9h8FqtP+YnoZZ1sl8Vc9b1sasjfymH3SonAF4QcA2+mzHPhMvIiw==",
      "dev": true
    }
  }
}
