{
  "requires": true,
  "lockfileVersion": 1,
  "dependencies": {
    "@sourcegraph/prettierrc": {
      "version": "3.0.1",
      "resolved": "https://registry.npmjs.org/@sourcegraph/prettierrc/-/prettierrc-3.0.1.tgz",
      "integrity": "sha512-Xyfsk2zLbtJXjgzPC5Q91AdoZ9YECB7Z5pyUCoYb36zqClBRkN2F/VoT+04pLqBf9xsr9uKfJoaf/WGGngLlVg==",
      "dev": true
    },
    "prettier": {
      "version": "2.0.5",
      "resolved": "https://registry.npmjs.org/prettier/-/prettier-2.0.5.tgz",
      "integrity": "sha512-7PtVymN48hGcO4fGjybyBSIWDsLU4H4XlvOHfq91pz9kkGlonzwTfYkaIEwiRg/dAJF9YlbsduBAgtYLi+8cFg==",
      "dev": true
    }
  }
}
