# THIS IS AN AUTOGENERATED FILE. DO NOT EDIT THIS FILE DIRECTLY.
# yarn lockfile v1


"@sourcegraph/prettierrc@^3.0.3":
  version "3.0.3"
  resolved "https://registry.npmjs.org/@sourcegraph/prettierrc/-/prettierrc-3.0.3.tgz#51bfa9b2588fe35121593fa877143e6373028289"
  integrity sha512-FQ1/Ued4I02R0JkrHHofDN163juVxUnPALzfxPZrDZUHv+c3jHjfZhmTHEz+Wd+g3b7MFk0fkj36nZSnvPyU8A==

prettier@^2.0.5:
  version "2.0.5"
  resolved "https://registry.npmjs.org/prettier/-/prettier-2.0.5.tgz#d6d56282455243f2f92cc1716692c08aa31522d4"
  integrity sha512-7PtVymN48hGcO4fGjybyBSIWDsLU4H4XlvOHfq91pz9kkGlonzwTfYkaIEwiRg/dAJF9YlbsduBAgtYLi+8cFg==
